
Microsoft Visual Studio Solution File, Format Version 12.00
# Visual Studio 2012
Project("{FAE04EC0-301F-11D3-BF4B-00C04F79EFBC}") = "FluentSecurityDemo", "FluentSecurityDemo\FluentSecurityDemo.csproj", "{858304ED-3090-4B46-97F8-8CD32B5F5783}"
EndProject
Project("{FAE04EC0-301F-11D3-BF4B-00C04F79EFBC}") = "FluentSecurityDemo.Tests", "FluentSecurityDemo.Tests\FluentSecurityDemo.Tests.csproj", "{11DCB5B5-238E-431D-A589-E87E68967BC6}"
EndProject
Global
	GlobalSection(SolutionConfigurationPlatforms) = preSolution
		Debug|Any CPU = Debug|Any CPU
		Release|Any CPU = Release|Any CPU
	EndGlobalSection
	GlobalSection(ProjectConfigurationPlatforms) = postSolution
		{858304ED-3090-4B46-97F8-8CD32B5F5783}.Debug|Any CPU.ActiveCfg = Debug|Any CPU
		{858304ED-3090-4B46-97F8-8CD32B5F5783}.Debug|Any CPU.Build.0 = Debug|Any CPU
		{858304ED-3090-4B46-97F8-8CD32B5F5783}.Release|Any CPU.ActiveCfg = Release|Any CPU
		{858304ED-3090-4B46-97F8-8CD32B5F5783}.Release|Any CPU.Build.0 = Release|Any CPU
		{11DCB5B5-238E-431D-A589-E87E68967BC6}.Debug|Any CPU.ActiveCfg = Debug|Any CPU
		{11DCB5B5-238E-431D-A589-E87E68967BC6}.Debug|Any CPU.Build.0 = Debug|Any CPU
		{11DCB5B5-238E-431D-A589-E87E68967BC6}.Release|Any CPU.ActiveCfg = Release|Any CPU
		{11DCB5B5-238E-431D-A589-E87E68967BC6}.Release|Any CPU.Build.0 = Release|Any CPU
	EndGlobalSection
	GlobalSection(SolutionProperties) = preSolution
		HideSolutionNode = FALSE
	EndGlobalSection
EndGlobal
